{
  "name": "tough-cookie-file-store",
  "version": "1.2.0",
  "lockfileVersion": 1,
  "requires": true,
  "dependencies": {
    "cryptr": {
      "version": "4.0.2",
      "resolved": "https://registry.npmjs.org/cryptr/-/cryptr-4.0.2.tgz",
      "integrity": "sha512-gLTcYjmLGe0Kk1yyacvjNKvSdkWBNNgG2tDnbRQP7yE559x/RJLo/I3WAmwCXNXf/fzMHCNp9vDv3PCopZDpXw=="
    },
    "punycode": {
      "version": "1.4.1",
      "resolved": "https://registry.npmjs.org/punycode/-/punycode-1.4.1.tgz",
      "integrity": "sha1-wNWmOycYgArY4esPpSachN1BhF4="
    },
    "tough-cookie": {
      "version": "2.3.3",
      "resolved": "https://registry.npmjs.org/tough-cookie/-/tough-cookie-2.3.3.tgz",
      "integrity": "sha1-C2GKVWW23qkL80JdBNVe3EdadWE=",
      "requires": {
        "punycode": "1.4.1"
      }
    }
  }
}
